
Microsoft Visual Studio Solution File, Format Version 12.00
Project("{FAE04EC0-301F-11D3-BF4B-00C04F79EFBC}") = "ConsoleAdventureGame", "ConsoleAdventureGame\ConsoleAdventureGame.csproj", "{EEDC8D69-4B45-4804-85FD-1ABFEF0B9778}"
EndProject
Global
	GlobalSection(SolutionConfigurationPlatforms) = preSolution
		Debug|Any CPU = Debug|Any CPU
		Release|Any CPU = Release|Any CPU
	EndGlobalSection
	GlobalSection(ProjectConfigurationPlatforms) = postSolution
		{EEDC8D69-4B45-4804-85FD-1ABFEF0B9778}.Debug|Any CPU.ActiveCfg = Debug|Any CPU
		{EEDC8D69-4B45-4804-85FD-1ABFEF0B9778}.Debug|Any CPU.Build.0 = Debug|Any CPU
		{EEDC8D69-4B45-4804-85FD-1ABFEF0B9778}.Release|Any CPU.ActiveCfg = Release|Any CPU
		{EEDC8D69-4B45-4804-85FD-1ABFEF0B9778}.Release|Any CPU.Build.0 = Release|Any CPU
	EndGlobalSection
EndGlobal
